
Microsoft Visual Studio Solution File, Format Version 12.00
# Visual Studio Version 17
VisualStudioVersion = 17.14.36429.23 d17.14
MinimumVisualStudioVersion = 10.0.40219.1
Project("{FAE04EC0-301F-11D3-BF4B-00C04F79EFBC}") = "WebApplication1", "WebApplication1\WebApplication1.csproj", "{D6B447EB-096D-4535-A9E7-71E03DB650D7}"
EndProject
Global
	GlobalSection(SolutionConfigurationPlatforms) = preSolution
		Debug|Any CPU = Debug|Any CPU
		Release|Any CPU = Release|Any CPU
	EndGlobalSection
	GlobalSection(ProjectConfigurationPlatforms) = postSolution
		{D6B447EB-096D-4535-A9E7-71E03DB650D7}.Debug|Any CPU.ActiveCfg = Debug|Any CPU
		{D6B447EB-096D-4535-A9E7-71E03DB650D7}.Debug|Any CPU.Build.0 = Debug|Any CPU
		{D6B447EB-096D-4535-A9E7-71E03DB650D7}.Release|Any CPU.ActiveCfg = Release|Any CPU
		{D6B447EB-096D-4535-A9E7-71E03DB650D7}.Release|Any CPU.Build.0 = Release|Any CPU
	EndGlobalSection
	GlobalSection(SolutionProperties) = preSolution
		HideSolutionNode = FALSE
	EndGlobalSection
	GlobalSection(ExtensibilityGlobals) = postSolution
		SolutionGuid = {77BC5491-64E7-4B22-88F5-122DEA5952D7}
	EndGlobalSection
EndGlobal
